
Microsoft Visual Studio Solution File, Format Version 12.00
# Visual Studio Version 17
VisualStudioVersion = 17.5.33530.505
MinimumVisualStudioVersion = 10.0.40219.1
Project("{FAE04EC0-301F-11D3-BF4B-00C04F79EFBC}") = "Lab3Api", "Lab3Api\Lab3Api.csproj", "{3F933201-6349-416E-BC26-D9EE8F020186}"
EndProject
Global
	GlobalSection(SolutionConfigurationPlatforms) = preSolution
		Debug|Any CPU = Debug|Any CPU
		Release|Any CPU = Release|Any CPU
	EndGlobalSection
	GlobalSection(ProjectConfigurationPlatforms) = postSolution
		{3F933201-6349-416E-BC26-D9EE8F020186}.Debug|Any CPU.ActiveCfg = Debug|Any CPU
		{3F933201-6349-416E-BC26-D9EE8F020186}.Debug|Any CPU.Build.0 = Debug|Any CPU
		{3F933201-6349-416E-BC26-D9EE8F020186}.Release|Any CPU.ActiveCfg = Release|Any CPU
		{3F933201-6349-416E-BC26-D9EE8F020186}.Release|Any CPU.Build.0 = Release|Any CPU
	EndGlobalSection
	GlobalSection(SolutionProperties) = preSolution
		HideSolutionNode = FALSE
	EndGlobalSection
	GlobalSection(ExtensibilityGlobals) = postSolution
		SolutionGuid = {AD426837-55AB-4475-85E9-A0379F5644B2}
	EndGlobalSection
EndGlobal
